
Microsoft Visual Studio Solution File, Format Version 12.00
# Visual Studio Version 16
VisualStudioVersion = 16.0.31424.327
MinimumVisualStudioVersion = 10.0.40219.1
Project("{888888A0-9F3D-457C-B088-3A5042F75D52}") = "ImageClassification", "ImageClassification\ImageClassification.pyproj", "{BFF92ECB-8C08-44E4-BBE1-8450C461DD82}"
EndProject
Global
	GlobalSection(SolutionConfigurationPlatforms) = preSolution
		Debug|Any CPU = Debug|Any CPU
		Release|Any CPU = Release|Any CPU
	EndGlobalSection
	GlobalSection(ProjectConfigurationPlatforms) = postSolution
		{BFF92ECB-8C08-44E4-BBE1-8450C461DD82}.Debug|Any CPU.ActiveCfg = Debug|Any CPU
		{BFF92ECB-8C08-44E4-BBE1-8450C461DD82}.Release|Any CPU.ActiveCfg = Release|Any CPU
	EndGlobalSection
	GlobalSection(SolutionProperties) = preSolution
		HideSolutionNode = FALSE
	EndGlobalSection
	GlobalSection(ExtensibilityGlobals) = postSolution
		SolutionGuid = {6AF95359-8752-4562-A72A-3B729B51F563}
	EndGlobalSection
EndGlobal
