
Microsoft Visual Studio Solution File, Format Version 12.00
# Visual Studio Version 16
VisualStudioVersion = 16.0.31424.327
MinimumVisualStudioVersion = 10.0.40219.1
Project("{9A19103F-16F7-4668-BE54-9A1E7A4F7556}") = "QSharpProject", "QSharpProject\QSharpProject.csproj", "{5F6D31CA-03A2-4BF8-9178-3D0FBFED8335}"
EndProject
Project("{888888A0-9F3D-457C-B088-3A5042F75D52}") = "PythonProject", "PythonProject\PythonProject.pyproj", "{C28A58F1-D21E-4334-9512-DE7B533EF47F}"
EndProject
Global
	GlobalSection(SolutionConfigurationPlatforms) = preSolution
		Debug|Any CPU = Debug|Any CPU
		Release|Any CPU = Release|Any CPU
	EndGlobalSection
	GlobalSection(ProjectConfigurationPlatforms) = postSolution
		{5F6D31CA-03A2-4BF8-9178-3D0FBFED8335}.Debug|Any CPU.ActiveCfg = Debug|Any CPU
		{5F6D31CA-03A2-4BF8-9178-3D0FBFED8335}.Debug|Any CPU.Build.0 = Debug|Any CPU
		{5F6D31CA-03A2-4BF8-9178-3D0FBFED8335}.Release|Any CPU.ActiveCfg = Release|Any CPU
		{5F6D31CA-03A2-4BF8-9178-3D0FBFED8335}.Release|Any CPU.Build.0 = Release|Any CPU
		{C28A58F1-D21E-4334-9512-DE7B533EF47F}.Debug|Any CPU.ActiveCfg = Debug|Any CPU
		{C28A58F1-D21E-4334-9512-DE7B533EF47F}.Release|Any CPU.ActiveCfg = Release|Any CPU
	EndGlobalSection
	GlobalSection(SolutionProperties) = preSolution
		HideSolutionNode = FALSE
	EndGlobalSection
	GlobalSection(ExtensibilityGlobals) = postSolution
		SolutionGuid = {6AF95359-8752-4562-A72A-3B729B51F563}
	EndGlobalSection
EndGlobal
