
Microsoft Visual Studio Solution File, Format Version 12.00
# Visual Studio Version 16
VisualStudioVersion = 16.0.31424.327
MinimumVisualStudioVersion = 10.0.40219.1
Project("{FAE04EC0-301F-11D3-BF4B-00C04F79EFBC}") = "QSharpTestProject", "QSharpTestProject\QSharpTestProject.csproj", "{FA5425C7-947E-4751-AA2D-21EF586F2F6E}"
EndProject
Global
	GlobalSection(SolutionConfigurationPlatforms) = preSolution
		Debug|Any CPU = Debug|Any CPU
		Release|Any CPU = Release|Any CPU
	EndGlobalSection
	GlobalSection(ProjectConfigurationPlatforms) = postSolution
		{FA5425C7-947E-4751-AA2D-21EF586F2F6E}.Debug|Any CPU.ActiveCfg = Debug|Any CPU
		{FA5425C7-947E-4751-AA2D-21EF586F2F6E}.Debug|Any CPU.Build.0 = Debug|Any CPU
		{FA5425C7-947E-4751-AA2D-21EF586F2F6E}.Release|Any CPU.ActiveCfg = Release|Any CPU
		{FA5425C7-947E-4751-AA2D-21EF586F2F6E}.Release|Any CPU.Build.0 = Release|Any CPU
	EndGlobalSection
	GlobalSection(SolutionProperties) = preSolution
		HideSolutionNode = FALSE
	EndGlobalSection
	GlobalSection(ExtensibilityGlobals) = postSolution
		SolutionGuid = {75DF5917-F974-4F54-9999-FF4C5493DC67}
	EndGlobalSection
EndGlobal
