
Microsoft Visual Studio Solution File, Format Version 12.00
# Visual Studio Version 16
VisualStudioVersion = 16.0.31424.327
MinimumVisualStudioVersion = 10.0.40219.1
Project("{FAE04EC0-301F-11D3-BF4B-00C04F79EFBC}") = "QSharpTestProject", "QSharpTestProject\QSharpTestProject.csproj", "{A15672CE-1314-4E1C-A7F4-4991EDCAC8CE}"
EndProject
Global
	GlobalSection(SolutionConfigurationPlatforms) = preSolution
		Debug|Any CPU = Debug|Any CPU
		Release|Any CPU = Release|Any CPU
	EndGlobalSection
	GlobalSection(ProjectConfigurationPlatforms) = postSolution
		{A15672CE-1314-4E1C-A7F4-4991EDCAC8CE}.Debug|Any CPU.ActiveCfg = Debug|Any CPU
		{A15672CE-1314-4E1C-A7F4-4991EDCAC8CE}.Debug|Any CPU.Build.0 = Debug|Any CPU
		{A15672CE-1314-4E1C-A7F4-4991EDCAC8CE}.Release|Any CPU.ActiveCfg = Release|Any CPU
		{A15672CE-1314-4E1C-A7F4-4991EDCAC8CE}.Release|Any CPU.Build.0 = Release|Any CPU
	EndGlobalSection
	GlobalSection(SolutionProperties) = preSolution
		HideSolutionNode = FALSE
	EndGlobalSection
	GlobalSection(ExtensibilityGlobals) = postSolution
		SolutionGuid = {C198F767-EFC4-46AB-ADB2-7C02054D8224}
	EndGlobalSection
EndGlobal
